
Microsoft Visual Studio Solution File, Format Version 12.00
# Visual Studio Version 16
VisualStudioVersion = 16.0.29215.179
MinimumVisualStudioVersion = 10.0.40219.1
Project("{9A19103F-16F7-4668-BE54-9A1E7A4F7556}") = "Abstraction", "Abstraction\Abstraction.csproj", "{91455E94-FC7E-42FA-9643-70F09600D79B}"
EndProject
Project("{FAE04EC0-301F-11D3-BF4B-00C04F79EFBC}") = "Play", "Play\Play.csproj", "{C2536ED7-3E1D-4708-B0CC-FA950E073B6B}"
EndProject
Global
	GlobalSection(SolutionConfigurationPlatforms) = preSolution
		Debug|Any CPU = Debug|Any CPU
		Release|Any CPU = Release|Any CPU
	EndGlobalSection
	GlobalSection(ProjectConfigurationPlatforms) = postSolution
		{91455E94-FC7E-42FA-9643-70F09600D79B}.Debug|Any CPU.ActiveCfg = Debug|Any CPU
		{91455E94-FC7E-42FA-9643-70F09600D79B}.Debug|Any CPU.Build.0 = Debug|Any CPU
		{91455E94-FC7E-42FA-9643-70F09600D79B}.Release|Any CPU.ActiveCfg = Release|Any CPU
		{91455E94-FC7E-42FA-9643-70F09600D79B}.Release|Any CPU.Build.0 = Release|Any CPU
		{C2536ED7-3E1D-4708-B0CC-FA950E073B6B}.Debug|Any CPU.ActiveCfg = Debug|Any CPU
		{C2536ED7-3E1D-4708-B0CC-FA950E073B6B}.Debug|Any CPU.Build.0 = Debug|Any CPU
		{C2536ED7-3E1D-4708-B0CC-FA950E073B6B}.Release|Any CPU.ActiveCfg = Release|Any CPU
		{C2536ED7-3E1D-4708-B0CC-FA950E073B6B}.Release|Any CPU.Build.0 = Release|Any CPU
	EndGlobalSection
	GlobalSection(SolutionProperties) = preSolution
		HideSolutionNode = FALSE
	EndGlobalSection
	GlobalSection(ExtensibilityGlobals) = postSolution
		SolutionGuid = {E22E6841-8CD8-46A4-B7B4-D60237D766FA}
	EndGlobalSection
EndGlobal
